
Microsoft Visual Studio Solution File, Format Version 12.00
# Visual Studio Version 16
VisualStudioVersion = 16.0.35731.53
MinimumVisualStudioVersion = 10.0.40219.1
Project("{FAE04EC0-301F-11D3-BF4B-00C04F79EFBC}") = "TrimbraNtlink5React", "TrimbraNtlink5React\TrimbraNtlink5React.csproj", "{99338B05-1A78-4CDA-B10B-470DC1F96699}"
EndProject
Global
	GlobalSection(SolutionConfigurationPlatforms) = preSolution
		Debug|Any CPU = Debug|Any CPU
		Release|Any CPU = Release|Any CPU
	EndGlobalSection
	GlobalSection(ProjectConfigurationPlatforms) = postSolution
		{99338B05-1A78-4CDA-B10B-470DC1F96699}.Debug|Any CPU.ActiveCfg = Debug|Any CPU
		{99338B05-1A78-4CDA-B10B-470DC1F96699}.Debug|Any CPU.Build.0 = Debug|Any CPU
		{99338B05-1A78-4CDA-B10B-470DC1F96699}.Release|Any CPU.ActiveCfg = Release|Any CPU
		{99338B05-1A78-4CDA-B10B-470DC1F96699}.Release|Any CPU.Build.0 = Release|Any CPU
	EndGlobalSection
	GlobalSection(SolutionProperties) = preSolution
		HideSolutionNode = FALSE
	EndGlobalSection
	GlobalSection(ExtensibilityGlobals) = postSolution
		SolutionGuid = {0D500A41-D83D-451D-858C-334D0D3B7FE8}
	EndGlobalSection
EndGlobal
